
Microsoft Visual Studio Solution File, Format Version 12.00
# Visual Studio Version 17
VisualStudioVersion = 17.9.34607.119
MinimumVisualStudioVersion = 10.0.40219.1
Project("{9A19103F-16F7-4668-BE54-9A1E7A4F7556}") = "ThreeFriends", "ThreeFriends.csproj", "{2C5114BA-D594-4C2F-AB1D-11964EFAE53F}"
EndProject
Global
	GlobalSection(SolutionConfigurationPlatforms) = preSolution
		Debug|Any CPU = Debug|Any CPU
		Release|Any CPU = Release|Any CPU
	EndGlobalSection
	GlobalSection(ProjectConfigurationPlatforms) = postSolution
		{2C5114BA-D594-4C2F-AB1D-11964EFAE53F}.Debug|Any CPU.ActiveCfg = Debug|Any CPU
		{2C5114BA-D594-4C2F-AB1D-11964EFAE53F}.Debug|Any CPU.Build.0 = Debug|Any CPU
		{2C5114BA-D594-4C2F-AB1D-11964EFAE53F}.Release|Any CPU.ActiveCfg = Release|Any CPU
		{2C5114BA-D594-4C2F-AB1D-11964EFAE53F}.Release|Any CPU.Build.0 = Release|Any CPU
	EndGlobalSection
	GlobalSection(SolutionProperties) = preSolution
		HideSolutionNode = FALSE
	EndGlobalSection
	GlobalSection(ExtensibilityGlobals) = postSolution
		SolutionGuid = {9DE0CCD1-3630-4CA4-BEE5-4F145BEBE361}
	EndGlobalSection
EndGlobal
